
Microsoft Visual Studio Solution File, Format Version 10.00
# Visual Studio 2008
Project("{FAE04EC0-301F-11D3-BF4B-00C04F79EFBC}") = "MeshTopology", "MeshTopology\MeshTopology.csproj", "{0CAC2142-62C4-47E5-A979-56DF9EB98695}"
EndProject
Global
	GlobalSection(SolutionConfigurationPlatforms) = preSolution
		Debug|Any CPU = Debug|Any CPU
		Release|Any CPU = Release|Any CPU
	EndGlobalSection
	GlobalSection(ProjectConfigurationPlatforms) = postSolution
		{0CAC2142-62C4-47E5-A979-56DF9EB98695}.Debug|Any CPU.ActiveCfg = Debug|Any CPU
		{0CAC2142-62C4-47E5-A979-56DF9EB98695}.Debug|Any CPU.Build.0 = Debug|Any CPU
		{0CAC2142-62C4-47E5-A979-56DF9EB98695}.Release|Any CPU.ActiveCfg = Release|Any CPU
		{0CAC2142-62C4-47E5-A979-56DF9EB98695}.Release|Any CPU.Build.0 = Release|Any CPU
	EndGlobalSection
	GlobalSection(SolutionProperties) = preSolution
		HideSolutionNode = FALSE
	EndGlobalSection
EndGlobal
