
Microsoft Visual Studio Solution File, Format Version 12.00
# Visual Studio 2008
Project("{FAE04EC0-301F-11D3-BF4B-00C04F79EFBC}") = "Meshterr", "Meshterr\Meshterr.csproj", "{53D28714-22E7-46E1-92DA-7ACA2D4DE59B}"
EndProject
Global
	GlobalSection(SolutionConfigurationPlatforms) = preSolution
		Debug|Any CPU = Debug|Any CPU
		Debug|x64 = Debug|x64
		Debug|x86 = Debug|x86
		Release|Any CPU = Release|Any CPU
		Release|x64 = Release|x64
		Release|x86 = Release|x86
	EndGlobalSection
	GlobalSection(ProjectConfigurationPlatforms) = postSolution
		{53D28714-22E7-46E1-92DA-7ACA2D4DE59B}.Debug|Any CPU.ActiveCfg = Debug|Any CPU
		{53D28714-22E7-46E1-92DA-7ACA2D4DE59B}.Debug|Any CPU.Build.0 = Debug|Any CPU
		{53D28714-22E7-46E1-92DA-7ACA2D4DE59B}.Debug|x64.ActiveCfg = Debug|Any CPU
		{53D28714-22E7-46E1-92DA-7ACA2D4DE59B}.Debug|x64.Build.0 = Debug|Any CPU
		{53D28714-22E7-46E1-92DA-7ACA2D4DE59B}.Debug|x86.ActiveCfg = Debug|Any CPU
		{53D28714-22E7-46E1-92DA-7ACA2D4DE59B}.Debug|x86.Build.0 = Debug|Any CPU
		{53D28714-22E7-46E1-92DA-7ACA2D4DE59B}.Release|Any CPU.ActiveCfg = Release|Any CPU
		{53D28714-22E7-46E1-92DA-7ACA2D4DE59B}.Release|Any CPU.Build.0 = Release|Any CPU
		{53D28714-22E7-46E1-92DA-7ACA2D4DE59B}.Release|x64.ActiveCfg = Release|Any CPU
		{53D28714-22E7-46E1-92DA-7ACA2D4DE59B}.Release|x64.Build.0 = Release|Any CPU
		{53D28714-22E7-46E1-92DA-7ACA2D4DE59B}.Release|x86.ActiveCfg = Release|Any CPU
		{53D28714-22E7-46E1-92DA-7ACA2D4DE59B}.Release|x86.Build.0 = Release|Any CPU
	EndGlobalSection
	GlobalSection(SolutionProperties) = preSolution
		HideSolutionNode = FALSE
	EndGlobalSection
EndGlobal
